
Microsoft Visual Studio Solution File, Format Version 12.00
# Visual Studio Version 16
VisualStudioVersion = 16.0.30503.244
MinimumVisualStudioVersion = 10.0.40219.1
Project("{FAE04EC0-301F-11D3-BF4B-00C04F79EFBC}") = "Trubshaw Pre-Interview Test (C Sharp)", "Trubshaw Pre-Interview Test (C Sharp).csproj", "{D60C928C-0FD2-45C2-BB5F-158299CB7C50}"
EndProject
Global
	GlobalSection(SolutionConfigurationPlatforms) = preSolution
		Debug|Any CPU = Debug|Any CPU
		Release|Any CPU = Release|Any CPU
	EndGlobalSection
	GlobalSection(ProjectConfigurationPlatforms) = postSolution
		{D60C928C-0FD2-45C2-BB5F-158299CB7C50}.Debug|Any CPU.ActiveCfg = Debug|Any CPU
		{D60C928C-0FD2-45C2-BB5F-158299CB7C50}.Debug|Any CPU.Build.0 = Debug|Any CPU
		{D60C928C-0FD2-45C2-BB5F-158299CB7C50}.Release|Any CPU.ActiveCfg = Release|Any CPU
		{D60C928C-0FD2-45C2-BB5F-158299CB7C50}.Release|Any CPU.Build.0 = Release|Any CPU
	EndGlobalSection
	GlobalSection(SolutionProperties) = preSolution
		HideSolutionNode = FALSE
	EndGlobalSection
	GlobalSection(ExtensibilityGlobals) = postSolution
		SolutionGuid = {395FDFD1-7E8A-4926-B778-BD170260C14B}
	EndGlobalSection
EndGlobal
